
Microsoft Visual Studio Solution File, Format Version 12.00
# Visual Studio Version 17
VisualStudioVersion = 17.14.36301.6 d17.14
MinimumVisualStudioVersion = 10.0.40219.1
Project("{8BC9CEB8-8B4A-11D0-8D11-00A0C91BC942}") = "Project 4 [ ATM System ] ( 1st Extension )", "Project 4 [ ATM System ] ( 1st Extension ).vcxproj", "{0FC26391-A2D1-4943-AE77-159A3F8046F0}"
EndProject
Global
	GlobalSection(SolutionConfigurationPlatforms) = preSolution
		Debug|x64 = Debug|x64
		Debug|x86 = Debug|x86
		Release|x64 = Release|x64
		Release|x86 = Release|x86
	EndGlobalSection
	GlobalSection(ProjectConfigurationPlatforms) = postSolution
		{0FC26391-A2D1-4943-AE77-159A3F8046F0}.Debug|x64.ActiveCfg = Debug|x64
		{0FC26391-A2D1-4943-AE77-159A3F8046F0}.Debug|x64.Build.0 = Debug|x64
		{0FC26391-A2D1-4943-AE77-159A3F8046F0}.Debug|x86.ActiveCfg = Debug|Win32
		{0FC26391-A2D1-4943-AE77-159A3F8046F0}.Debug|x86.Build.0 = Debug|Win32
		{0FC26391-A2D1-4943-AE77-159A3F8046F0}.Release|x64.ActiveCfg = Release|x64
		{0FC26391-A2D1-4943-AE77-159A3F8046F0}.Release|x64.Build.0 = Release|x64
		{0FC26391-A2D1-4943-AE77-159A3F8046F0}.Release|x86.ActiveCfg = Release|Win32
		{0FC26391-A2D1-4943-AE77-159A3F8046F0}.Release|x86.Build.0 = Release|Win32
	EndGlobalSection
	GlobalSection(SolutionProperties) = preSolution
		HideSolutionNode = FALSE
	EndGlobalSection
	GlobalSection(ExtensibilityGlobals) = postSolution
		SolutionGuid = {8D95A610-3FB8-4BBF-829B-5E34911A7739}
	EndGlobalSection
EndGlobal
